github.com/magefile/mage v1.11.0 h1:C/55Ywp9BpgVVclD3lRnSYCwXTYxmSppIgLeDYlNuls=
github.com/magefile/mage v1.11.0/go.mod h1:z5UZb/iS3GoOSn0JgWuiw7dxlurVYTu+/jHXqQg881A=
github.com/phillipsj/mage-helpers v0.0.0-20211016184917-42c11b58d972 h1:enzZSTsnidefloEmKC8pNi+Rnx+oHpXp6/2xrwhdqxU=
github.com/phillipsj/mage-helpers v0.0.0-20211016184917-42c11b58d972/go.mod h1:5JSxJdr2nWLDDazKWBjcekdSfqoVzKiB44xCIZAomc8=
